// !$*UTF8*$!
{
	archiveVersion = 1;
	classes = {
	};
	objectVersion = 50;
	objects = {

/* Begin PBXBuildFile section */
		1E082DC620C63FD0001CFE64 /* ClusterView.swift in Sources */ = {isa = PBXBuildFile; fileRef = 1E082DC520C63FD0001CFE64 /* ClusterView.swift */; };
		1E23887F209AC6C2001ECFAA /* AppDelegate.swift in Sources */ = {isa = PBXBuildFile; fileRef = 1E23887E209AC6C2001ECFAA /* AppDelegate.swift */; };
		1E238881209AC6C2001ECFAA /* MainViewController.swift in Sources */ = {isa = PBXBuildFile; fileRef = 1E238880209AC6C2001ECFAA /* MainViewController.swift */; };
		1E238884209AC6C2001ECFAA /* Main.storyboard in Resources */ = {isa = PBXBuildFile; fileRef = 1E238882209AC6C2001ECFAA /* Main.storyboard */; };
		1E238886209AC6C3001ECFAA /* Assets.xcassets in Resources */ = {isa = PBXBuildFile; fileRef = 1E238885209AC6C3001ECFAA /* Assets.xcassets */; };
		1E238889209AC6C3001ECFAA /* LaunchScreen.storyboard in Resources */ = {isa = PBXBuildFile; fileRef = 1E238887209AC6C3001ECFAA /* LaunchScreen.storyboard */; };
		1E238891209AC6E5001ECFAA /* SeoulToilets180602.json in Resources */ = {isa = PBXBuildFile; fileRef = 1E238890209AC6E4001ECFAA /* SeoulToilets180602.json */; };
		1E238893209AC969001ECFAA /* Toilets.swift in Sources */ = {isa = PBXBuildFile; fileRef = 1E238892209AC969001ECFAA /* Toilets.swift */; };
		1E765D3A20C8F4D70045DA83 /* SearchViewController.swift in Sources */ = {isa = PBXBuildFile; fileRef = 1E765D3920C8F4D70045DA83 /* SearchViewController.swift */; };
		1EE5BDA720CA4193005C8CE8 /* TableViewCells.swift in Sources */ = {isa = PBXBuildFile; fileRef = 1EE5BDA620CA4193005C8CE8 /* TableViewCells.swift */; };
/* End PBXBuildFile section */

/* Begin PBXFileReference section */
		1E082DC520C63FD0001CFE64 /* ClusterView.swift */ = {isa = PBXFileReference; lastKnownFileType = sourcecode.swift; path = ClusterView.swift; sourceTree = "<group>"; };
		1E23887B209AC6C2001ECFAA /* SeoulToilets.app */ = {isa = PBXFileReference; explicitFileType = wrapper.application; includeInIndex = 0; path = SeoulToilets.app; sourceTree = BUILT_PRODUCTS_DIR; };
		1E23887E209AC6C2001ECFAA /* AppDelegate.swift */ = {isa = PBXFileReference; lastKnownFileType = sourcecode.swift; path = AppDelegate.swift; sourceTree = "<group>"; };
		1E238880209AC6C2001ECFAA /* MainViewController.swift */ = {isa = PBXFileReference; lastKnownFileType = sourcecode.swift; path = MainViewController.swift; sourceTree = "<group>"; };
		1E238883209AC6C2001ECFAA /* Base */ = {isa = PBXFileReference; lastKnownFileType = file.storyboard; name = Base; path = Base.lproj/Main.storyboard; sourceTree = "<group>"; };
		1E238885209AC6C3001ECFAA /* Assets.xcassets */ = {isa = PBXFileReference; lastKnownFileType = folder.assetcatalog; path = Assets.xcassets; sourceTree = "<group>"; };
		1E238888209AC6C3001ECFAA /* Base */ = {isa = PBXFileReference; lastKnownFileType = file.storyboard; name = Base; path = Base.lproj/LaunchScreen.storyboard; sourceTree = "<group>"; };
		1E23888A209AC6C3001ECFAA /* Info.plist */ = {isa = PBXFileReference; lastKnownFileType = text.plist.xml; path = Info.plist; sourceTree = "<group>"; };
		1E238890209AC6E4001ECFAA /* SeoulToilets180602.json */ = {isa = PBXFileReference; fileEncoding = 4; lastKnownFileType = text.json; path = SeoulToilets180602.json; sourceTree = "<group>"; };
		1E238892209AC969001ECFAA /* Toilets.swift */ = {isa = PBXFileReference; lastKnownFileType = sourcecode.swift; path = Toilets.swift; sourceTree = "<group>"; };
		1E765D3920C8F4D70045DA83 /* SearchViewController.swift */ = {isa = PBXFileReference; lastKnownFileType = sourcecode.swift; path = SearchViewController.swift; sourceTree = "<group>"; };
		1EE5BDA620CA4193005C8CE8 /* TableViewCells.swift */ = {isa = PBXFileReference; lastKnownFileType = sourcecode.swift; path = TableViewCells.swift; sourceTree = "<group>"; };
/* End PBXFileReference section */

/* Begin PBXFrameworksBuildPhase section */
		1E238878209AC6C2001ECFAA /* Frameworks */ = {
			isa = PBXFrameworksBuildPhase;
			buildActionMask = 2147483647;
			files = (
			);
			runOnlyForDeploymentPostprocessing = 0;
		};
/* End PBXFrameworksBuildPhase section */

/* Begin PBXGroup section */
		1E238872209AC6C2001ECFAA = {
			isa = PBXGroup;
			children = (
				1E23887D209AC6C2001ECFAA /* SeoulToilets */,
				1E23887C209AC6C2001ECFAA /* Products */,
			);
			sourceTree = "<group>";
		};
		1E23887C209AC6C2001ECFAA /* Products */ = {
			isa = PBXGroup;
			children = (
				1E23887B209AC6C2001ECFAA /* SeoulToilets.app */,
			);
			name = Products;
			sourceTree = "<group>";
		};
		1E23887D209AC6C2001ECFAA /* SeoulToilets */ = {
			isa = PBXGroup;
			children = (
				1E6BF30E20CAAD6C00747D69 /* Model */,
				1E6BF30D20CAAD4600747D69 /* Controllers */,
				1E6BF30F20CAAD8F00747D69 /* Views */,
				1E23887E209AC6C2001ECFAA /* AppDelegate.swift */,
				1E23888A209AC6C3001ECFAA /* Info.plist */,
				1E238885209AC6C3001ECFAA /* Assets.xcassets */,
				1E238890209AC6E4001ECFAA /* SeoulToilets180602.json */,
			);
			path = SeoulToilets;
			sourceTree = "<group>";
		};
		1E6BF30D20CAAD4600747D69 /* Controllers */ = {
			isa = PBXGroup;
			children = (
				1E238880209AC6C2001ECFAA /* MainViewController.swift */,
				1E765D3920C8F4D70045DA83 /* SearchViewController.swift */,
			);
			path = Controllers;
			sourceTree = "<group>";
		};
		1E6BF30E20CAAD6C00747D69 /* Model */ = {
			isa = PBXGroup;
			children = (
				1E238892209AC969001ECFAA /* Toilets.swift */,
			);
			path = Model;
			sourceTree = "<group>";
		};
		1E6BF30F20CAAD8F00747D69 /* Views */ = {
			isa = PBXGroup;
			children = (
				1E082DC520C63FD0001CFE64 /* ClusterView.swift */,
				1EE5BDA620CA4193005C8CE8 /* TableViewCells.swift */,
				1E238882209AC6C2001ECFAA /* Main.storyboard */,
				1E238887209AC6C3001ECFAA /* LaunchScreen.storyboard */,
			);
			path = Views;
			sourceTree = "<group>";
		};
/* End PBXGroup section */

/* Begin PBXNativeTarget section */
		1E23887A209AC6C2001ECFAA /* SeoulToilets */ = {
			isa = PBXNativeTarget;
			buildConfigurationList = 1E23888D209AC6C3001ECFAA /* Build configuration list for PBXNativeTarget "SeoulToilets" */;
			buildPhases = (
				1E238877209AC6C2001ECFAA /* Sources */,
				1E238878209AC6C2001ECFAA /* Frameworks */,
				1E238879209AC6C2001ECFAA /* Resources */,
			);
			buildRules = (
			);
			dependencies = (
			);
			name = SeoulToilets;
			productName = SeoulToilets;
			productReference = 1E23887B209AC6C2001ECFAA /* SeoulToilets.app */;
			productType = "com.apple.product-type.application";
		};
/* End PBXNativeTarget section */

/* Begin PBXProject section */
		1E238873209AC6C2001ECFAA /* Project object */ = {
			isa = PBXProject;
			attributes = {
				LastSwiftUpdateCheck = 0930;
				LastUpgradeCheck = 0930;
				ORGANIZATIONNAME = "Willicious-k";
				TargetAttributes = {
					1E23887A209AC6C2001ECFAA = {
						CreatedOnToolsVersion = 9.3;
					};
				};
			};
			buildConfigurationList = 1E238876209AC6C2001ECFAA /* Build configuration list for PBXProject "SeoulToilets" */;
			compatibilityVersion = "Xcode 9.3";
			developmentRegion = en;
			hasScannedForEncodings = 0;
			knownRegions = (
				en,
				Base,
			);
			mainGroup = 1E238872209AC6C2001ECFAA;
			productRefGroup = 1E23887C209AC6C2001ECFAA /* Products */;
			projectDirPath = "";
			projectRoot = "";
			targets = (
				1E23887A209AC6C2001ECFAA /* SeoulToilets */,
			);
		};
/* End PBXProject section */

/* Begin PBXResourcesBuildPhase section */
		1E238879209AC6C2001ECFAA /* Resources */ = {
			isa = PBXResourcesBuildPhase;
			buildActionMask = 2147483647;
			files = (
				1E238889209AC6C3001ECFAA /* LaunchScreen.storyboard in Resources */,
				1E238886209AC6C3001ECFAA /* Assets.xcassets in Resources */,
				1E238891209AC6E5001ECFAA /* SeoulToilets180602.json in Resources */,
				1E238884209AC6C2001ECFAA /* Main.storyboard in Resources */,
			);
			runOnlyForDeploymentPostprocessing = 0;
		};
/* End PBXResourcesBuildPhase section */

/* Begin PBXSourcesBuildPhase section */
		1E238877209AC6C2001ECFAA /* Sources */ = {
			isa = PBXSourcesBuildPhase;
			buildActionMask = 2147483647;
			files = (
				1E765D3A20C8F4D70045DA83 /* SearchViewController.swift in Sources */,
				1EE5BDA720CA4193005C8CE8 /* TableViewCells.swift in Sources */,
				1E238881209AC6C2001ECFAA /* MainViewController.swift in Sources */,
				1E082DC620C63FD0001CFE64 /* ClusterView.swift in Sources */,
				1E23887F209AC6C2001ECFAA /* AppDelegate.swift in Sources */,
				1E238893209AC969001ECFAA /* Toilets.swift in Sources */,
			);
			runOnlyForDeploymentPostprocessing = 0;
		};
/* End PBXSourcesBuildPhase section */

/* Begin PBXVariantGroup section */
		1E238882209AC6C2001ECFAA /* Main.storyboard */ = {
			isa = PBXVariantGroup;
			children = (
				1E238883209AC6C2001ECFAA /* Base */,
			);
			name = Main.storyboard;
			sourceTree = "<group>";
		};
		1E238887209AC6C3001ECFAA /* LaunchScreen.storyboard */ = {
			isa = PBXVariantGroup;
			children = (
				1E238888209AC6C3001ECFAA /* Base */,
			);
			name = LaunchScreen.storyboard;
			sourceTree = "<group>";
		};
/* End PBXVariantGroup section */

/* Begin XCBuildConfiguration section */
		1E23888B209AC6C3001ECFAA /* Debug */ = {
			isa = XCBuildConfiguration;
			buildSettings = {
				ALWAYS_SEARCH_USER_PATHS = NO;
				CLANG_ANALYZER_NONNULL = YES;
				CLANG_ANALYZER_NUMBER_OBJECT_CONVERSION = YES_AGGRESSIVE;
				CLANG_CXX_LANGUAGE_STANDARD = "gnu++14";
				CLANG_CXX_LIBRARY = "libc++";
				CLANG_ENABLE_MODULES = YES;
				CLANG_ENABLE_OBJC_ARC = YES;
				CLANG_ENABLE_OBJC_WEAK = YES;
				CLANG_WARN_BLOCK_CAPTURE_AUTORELEASING = YES;
				CLANG_WARN_BOOL_CONVERSION = YES;
				CLANG_WARN_COMMA = YES;
				CLANG_WARN_CONSTANT_CONVERSION = YES;
				CLANG_WARN_DEPRECATED_OBJC_IMPLEMENTATIONS = YES;
				CLANG_WARN_DIRECT_OBJC_ISA_USAGE = YES_ERROR;
				CLANG_WARN_DOCUMENTATION_COMMENTS = YES;
				CLANG_WARN_EMPTY_BODY = YES;
				CLANG_WARN_ENUM_CONVERSION = YES;
				CLANG_WARN_INFINITE_RECURSION = YES;
				CLANG_WARN_INT_CONVERSION = YES;
				CLANG_WARN_NON_LITERAL_NULL_CONVERSION = YES;
				CLANG_WARN_OBJC_IMPLICIT_RETAIN_SELF = YES;
				CLANG_WARN_OBJC_LITERAL_CONVERSION = YES;
				CLANG_WARN_OBJC_ROOT_CLASS = YES_ERROR;
				CLANG_WARN_RANGE_LOOP_ANALYSIS = YES;
				CLANG_WARN_STRICT_PROTOTYPES = YES;
				CLANG_WARN_SUSPICIOUS_MOVE = YES;
				CLANG_WARN_UNGUARDED_AVAILABILITY = YES_AGGRESSIVE;
				CLANG_WARN_UNREACHABLE_CODE = YES;
				CLANG_WARN__DUPLICATE_METHOD_MATCH = YES;
				CODE_SIGN_IDENTITY = "iPhone Developer";
				COPY_PHASE_STRIP = NO;
				DEBUG_INFORMATION_FORMAT = dwarf;
				ENABLE_STRICT_OBJC_MSGSEND = YES;
				ENABLE_TESTABILITY = YES;
				GCC_C_LANGUAGE_STANDARD = gnu11;
				GCC_DYNAMIC_NO_PIC = NO;
				GCC_NO_COMMON_BLOCKS = YES;
				GCC_OPTIMIZATION_LEVEL = 0;
				GCC_PREPROCESSOR_DEFINITIONS = (
					"DEBUG=1",
					"$(inherited)",
				);
				GCC_WARN_64_TO_32_BIT_CONVERSION = YES;
				GCC_WARN_ABOUT_RETURN_TYPE = YES_ERROR;
				GCC_WARN_UNDECLARED_SELECTOR = YES;
				GCC_WARN_UNINITIALIZED_AUTOS = YES_AGGRESSIVE;
				GCC_WARN_UNUSED_FUNCTION = YES;
				GCC_WARN_UNUSED_VARIABLE = YES;
				IPHONEOS_DEPLOYMENT_TARGET = 11.3;
				MTL_ENABLE_DEBUG_INFO = YES;
				ONLY_ACTIVE_ARCH = YES;
				SDKROOT = iphoneos;
				SWIFT_ACTIVE_COMPILATION_CONDITIONS = DEBUG;
				SWIFT_OPTIMIZATION_LEVEL = "-Onone";
			};
			name = Debug;
		};
		1E23888C209AC6C3001ECFAA /* Release */ = {
			isa = XCBuildConfiguration;
			buildSettings = {
				ALWAYS_SEARCH_USER_PATHS = NO;
				CLANG_ANALYZER_NONNULL = YES;
				CLANG_ANALYZER_NUMBER_OBJECT_CONVERSION = YES_AGGRESSIVE;
				CLANG_CXX_LANGUAGE_STANDARD = "gnu++14";
				CLANG_CXX_LIBRARY = "libc++";
				CLANG_ENABLE_MODULES = YES;
				CLANG_ENABLE_OBJC_ARC = YES;
				CLANG_ENABLE_OBJC_WEAK = YES;
				CLANG_WARN_BLOCK_CAPTURE_AUTORELEASING = YES;
				CLANG_WARN_BOOL_CONVERSION = YES;
				CLANG_WARN_COMMA = YES;
				CLANG_WARN_CONSTANT_CONVERSION = YES;
				CLANG_WARN_DEPRECATED_OBJC_IMPLEMENTATIONS = YES;
				CLANG_WARN_DIRECT_OBJC_ISA_USAGE = YES_ERROR;
				CLANG_WARN_DOCUMENTATION_COMMENTS = YES;
				CLANG_WARN_EMPTY_BODY = YES;
				CLANG_WARN_ENUM_CONVERSION = YES;
				CLANG_WARN_INFINITE_RECURSION = YES;
				CLANG_WARN_INT_CONVERSION = YES;
				CLANG_WARN_NON_LITERAL_NULL_CONVERSION = YES;
				CLANG_WARN_OBJC_IMPLICIT_RETAIN_SELF = YES;
				CLANG_WARN_OBJC_LITERAL_CONVERSION = YES;
				CLANG_WARN_OBJC_ROOT_CLASS = YES_ERROR;
				CLANG_WARN_RANGE_LOOP_ANALYSIS = YES;
				CLANG_WARN_STRICT_PROTOTYPES = YES;
				CLANG_WARN_SUSPICIOUS_MOVE = YES;
				CLANG_WARN_UNGUARDED_AVAILABILITY = YES_AGGRESSIVE;
				CLANG_WARN_UNREACHABLE_CODE = YES;
				CLANG_WARN__DUPLICATE_METHOD_MATCH = YES;
				CODE_SIGN_IDENTITY = "iPhone Developer";
				COPY_PHASE_STRIP = NO;
				DEBUG_INFORMATION_FORMAT = "dwarf-with-dsym";
				ENABLE_NS_ASSERTIONS = NO;
				ENABLE_STRICT_OBJC_MSGSEND = YES;
				GCC_C_LANGUAGE_STANDARD = gnu11;
				GCC_NO_COMMON_BLOCKS = YES;
				GCC_WARN_64_TO_32_BIT_CONVERSION = YES;
				GCC_WARN_ABOUT_RETURN_TYPE = YES_ERROR;
				GCC_WARN_UNDECLARED_SELECTOR = YES;
				GCC_WARN_UNINITIALIZED_AUTOS = YES_AGGRESSIVE;
				GCC_WARN_UNUSED_FUNCTION = YES;
				GCC_WARN_UNUSED_VARIABLE = YES;
				IPHONEOS_DEPLOYMENT_TARGET = 11.3;
				MTL_ENABLE_DEBUG_INFO = NO;
				SDKROOT = iphoneos;
				SWIFT_COMPILATION_MODE = wholemodule;
				SWIFT_OPTIMIZATION_LEVEL = "-O";
				VALIDATE_PRODUCT = YES;
			};
			name = Release;
		};
		1E23888E209AC6C3001ECFAA /* Debug */ = {
			isa = XCBuildConfiguration;
			buildSettings = {
				ASSETCATALOG_COMPILER_APPICON_NAME = AppIcon;
				CODE_SIGN_STYLE = Automatic;
				DEVELOPMENT_TEAM = 57FU9D743A;
				INFOPLIST_FILE = SeoulToilets/Info.plist;
				IPHONEOS_DEPLOYMENT_TARGET = 11.0;
				LD_RUNPATH_SEARCH_PATHS = (
					"$(inherited)",
					"@executable_path/Frameworks",
				);
				PRODUCT_BUNDLE_IDENTIFIER = com.willicious.SeoulToilets;
				PRODUCT_NAME = "$(TARGET_NAME)";
				SWIFT_VERSION = 4.0;
				TARGETED_DEVICE_FAMILY = "1,2";
			};
			name = Debug;
		};
		1E23888F209AC6C3001ECFAA /* Release */ = {
			isa = XCBuildConfiguration;
			buildSettings = {
				ASSETCATALOG_COMPILER_APPICON_NAME = AppIcon;
				CODE_SIGN_STYLE = Automatic;
				DEVELOPMENT_TEAM = 57FU9D743A;
				INFOPLIST_FILE = SeoulToilets/Info.plist;
				IPHONEOS_DEPLOYMENT_TARGET = 11.0;
				LD_RUNPATH_SEARCH_PATHS = (
					"$(inherited)",
					"@executable_path/Frameworks",
				);
				PRODUCT_BUNDLE_IDENTIFIER = com.willicious.SeoulToilets;
				PRODUCT_NAME = "$(TARGET_NAME)";
				SWIFT_VERSION = 4.0;
				TARGETED_DEVICE_FAMILY = "1,2";
			};
			name = Release;
		};
/* End XCBuildConfiguration section */

/* Begin XCConfigurationList section */
		1E238876209AC6C2001ECFAA /* Build configuration list for PBXProject "SeoulToilets" */ = {
			isa = XCConfigurationList;
			buildConfigurations = (
				1E23888B209AC6C3001ECFAA /* Debug */,
				1E23888C209AC6C3001ECFAA /* Release */,
			);
			defaultConfigurationIsVisible = 0;
			defaultConfigurationName = Release;
		};
		1E23888D209AC6C3001ECFAA /* Build configuration list for PBXNativeTarget "SeoulToilets" */ = {
			isa = XCConfigurationList;
			buildConfigurations = (
				1E23888E209AC6C3001ECFAA /* Debug */,
				1E23888F209AC6C3001ECFAA /* Release */,
			);
			defaultConfigurationIsVisible = 0;
			defaultConfigurationName = Release;
		};
/* End XCConfigurationList section */
	};
	rootObject = 1E238873209AC6C2001ECFAA /* Project object */;
}
